# THIS IS AN AUTOGENERATED FILE. DO NOT EDIT THIS FILE DIRECTLY.
# yarn lockfile v1


mui-modal-provider@^2.4.2:
  version "2.4.2"
  resolved "https://registry.yarnpkg.com/mui-modal-provider/-/mui-modal-provider-2.4.2.tgz#84c3741c324bff4a8b100cd4a619a0e225ad3a02"
  integrity sha512-a/qND5cqPcCxWF5NBTugpsT3n76YWn4Z8dai8nhBOWR+m+Pfk7uyC2Uh7oKJlyERmGsq4Cn+H3maIISrgAoJkQ==
